{
  "name": "kurzora-platform",
  "lockfileVersion": 3,
  "requires": true,
  "packages": {
    "": {
      "dependencies": {
        "gtag": "^1.0.1"
      }
    },
    "node_modules/gtag": {
      "version": "1.0.1",
      "resolved": "https://registry.npmjs.org/gtag/-/gtag-1.0.1.tgz",
      "integrity": "sha512-BvWgeldFJq1MBpgf5LP0UXhcvdzdl5Sb+TmC+l2hskLn4EWS2IDEqW4dbkKx2sxOqm8tCDpedu0xden1DdlD/w==",
      "license": "MIT",
      "bin": {
        "gtag": "gtag.sh"
      },
      "engines": {
        "node": ">=0.10.0"
      }
    }
  }
}
